
Microsoft Visual Studio Solution File, Format Version 12.00
# Visual Studio Version 17
VisualStudioVersion = 17.9.34723.18
MinimumVisualStudioVersion = 10.0.40219.1
Project("{FAE04EC0-301F-11D3-BF4B-00C04F79EFBC}") = "calculator", "calculator\calculator.csproj", "{DB78FE86-8BD0-4526-A686-04E782C9049E}"
EndProject
Global
	GlobalSection(SolutionConfigurationPlatforms) = preSolution
		Debug|Any CPU = Debug|Any CPU
		Release|Any CPU = Release|Any CPU
	EndGlobalSection
	GlobalSection(ProjectConfigurationPlatforms) = postSolution
		{DB78FE86-8BD0-4526-A686-04E782C9049E}.Debug|Any CPU.ActiveCfg = Debug|Any CPU
		{DB78FE86-8BD0-4526-A686-04E782C9049E}.Debug|Any CPU.Build.0 = Debug|Any CPU
		{DB78FE86-8BD0-4526-A686-04E782C9049E}.Release|Any CPU.ActiveCfg = Release|Any CPU
		{DB78FE86-8BD0-4526-A686-04E782C9049E}.Release|Any CPU.Build.0 = Release|Any CPU
	EndGlobalSection
	GlobalSection(SolutionProperties) = preSolution
		HideSolutionNode = FALSE
	EndGlobalSection
	GlobalSection(ExtensibilityGlobals) = postSolution
		SolutionGuid = {587A73FC-ACA3-43BC-AC10-F9E706F7DF69}
	EndGlobalSection
EndGlobal
